
Microsoft Visual Studio Solution File, Format Version 12.00
# Visual Studio Version 17
VisualStudioVersion = 17.13.35825.156 d17.13
MinimumVisualStudioVersion = 10.0.40219.1
Project("{FAE04EC0-301F-11D3-BF4B-00C04F79EFBC}") = "BasicOperations", "BasicOperations\BasicOperations.csproj", "{F38EACA3-DC58-4EA8-8E4B-CEE4F24265B6}"
EndProject
Global
	GlobalSection(SolutionConfigurationPlatforms) = preSolution
		Debug|Any CPU = Debug|Any CPU
		Release|Any CPU = Release|Any CPU
	EndGlobalSection
	GlobalSection(ProjectConfigurationPlatforms) = postSolution
		{F38EACA3-DC58-4EA8-8E4B-CEE4F24265B6}.Debug|Any CPU.ActiveCfg = Debug|Any CPU
		{F38EACA3-DC58-4EA8-8E4B-CEE4F24265B6}.Debug|Any CPU.Build.0 = Debug|Any CPU
		{F38EACA3-DC58-4EA8-8E4B-CEE4F24265B6}.Release|Any CPU.ActiveCfg = Release|Any CPU
		{F38EACA3-DC58-4EA8-8E4B-CEE4F24265B6}.Release|Any CPU.Build.0 = Release|Any CPU
	EndGlobalSection
	GlobalSection(SolutionProperties) = preSolution
		HideSolutionNode = FALSE
	EndGlobalSection
	GlobalSection(ExtensibilityGlobals) = postSolution
		SolutionGuid = {30D3D0EC-735C-4701-A1AF-5D25EC3CCDFB}
	EndGlobalSection
EndGlobal
